
Microsoft Visual Studio Solution File, Format Version 12.00
# Visual Studio Version 16
VisualStudioVersion = 16.0.30413.136
MinimumVisualStudioVersion = 10.0.40219.1
Project("{FAE04EC0-301F-11D3-BF4B-00C04F79EFBC}") = "FaceRecog", "FaceRecog\FaceRecog.csproj", "{63ACEE5F-982E-4622-8F35-18491F583B4D}"
EndProject
Global
	GlobalSection(SolutionConfigurationPlatforms) = preSolution
		Debug|Any CPU = Debug|Any CPU
		Release|Any CPU = Release|Any CPU
	EndGlobalSection
	GlobalSection(ProjectConfigurationPlatforms) = postSolution
		{63ACEE5F-982E-4622-8F35-18491F583B4D}.Debug|Any CPU.ActiveCfg = Debug|Any CPU
		{63ACEE5F-982E-4622-8F35-18491F583B4D}.Debug|Any CPU.Build.0 = Debug|Any CPU
		{63ACEE5F-982E-4622-8F35-18491F583B4D}.Release|Any CPU.ActiveCfg = Release|Any CPU
		{63ACEE5F-982E-4622-8F35-18491F583B4D}.Release|Any CPU.Build.0 = Release|Any CPU
	EndGlobalSection
	GlobalSection(SolutionProperties) = preSolution
		HideSolutionNode = FALSE
	EndGlobalSection
	GlobalSection(ExtensibilityGlobals) = postSolution
		SolutionGuid = {E463D740-D786-4BC7-8EA5-DC941C9B69E8}
	EndGlobalSection
EndGlobal
